
Microsoft Visual Studio Solution File, Format Version 12.00
# Visual Studio Version 16
VisualStudioVersion = 25.0.1704.2
MinimumVisualStudioVersion = 10.0.40219.1
Project("{FAE04EC0-301F-11D3-BF4B-00C04F79EFBC}") = "vn_mode_csharp_dz_18", "vn_mode_csharp_dz_18.csproj", "{6063108C-5A65-49C3-8045-3E5F3D68BB88}"
EndProject
Global
	GlobalSection(SolutionConfigurationPlatforms) = preSolution
		Debug|Any CPU = Debug|Any CPU
		Release|Any CPU = Release|Any CPU
	EndGlobalSection
	GlobalSection(ProjectConfigurationPlatforms) = postSolution
		{6063108C-5A65-49C3-8045-3E5F3D68BB88}.Debug|Any CPU.ActiveCfg = Debug|Any CPU
		{6063108C-5A65-49C3-8045-3E5F3D68BB88}.Debug|Any CPU.Build.0 = Debug|Any CPU
		{6063108C-5A65-49C3-8045-3E5F3D68BB88}.Release|Any CPU.ActiveCfg = Release|Any CPU
		{6063108C-5A65-49C3-8045-3E5F3D68BB88}.Release|Any CPU.Build.0 = Release|Any CPU
	EndGlobalSection
	GlobalSection(SolutionProperties) = preSolution
		HideSolutionNode = FALSE
	EndGlobalSection
	GlobalSection(ExtensibilityGlobals) = postSolution
		SolutionGuid = {26218431-E323-4E44-BA3A-37712DABAC7E}
	EndGlobalSection
EndGlobal
